
Microsoft Visual Studio Solution File, Format Version 12.00
# Visual Studio Version 16
VisualStudioVersion = 16.0.33214.272
MinimumVisualStudioVersion = 10.0.40219.1
Project("{FAE04EC0-301F-11D3-BF4B-00C04F79EFBC}") = "PS02_09", "PS02_09\PS02_09.csproj", "{0418EE82-FE84-43D4-81F4-E6A8095A63C8}"
EndProject
Global
	GlobalSection(SolutionConfigurationPlatforms) = preSolution
		Debug|Any CPU = Debug|Any CPU
		Release|Any CPU = Release|Any CPU
	EndGlobalSection
	GlobalSection(ProjectConfigurationPlatforms) = postSolution
		{0418EE82-FE84-43D4-81F4-E6A8095A63C8}.Debug|Any CPU.ActiveCfg = Debug|Any CPU
		{0418EE82-FE84-43D4-81F4-E6A8095A63C8}.Debug|Any CPU.Build.0 = Debug|Any CPU
		{0418EE82-FE84-43D4-81F4-E6A8095A63C8}.Release|Any CPU.ActiveCfg = Release|Any CPU
		{0418EE82-FE84-43D4-81F4-E6A8095A63C8}.Release|Any CPU.Build.0 = Release|Any CPU
	EndGlobalSection
	GlobalSection(SolutionProperties) = preSolution
		HideSolutionNode = FALSE
	EndGlobalSection
	GlobalSection(ExtensibilityGlobals) = postSolution
		SolutionGuid = {DF5A2F19-7DAB-4C92-8B3B-287D013DD379}
	EndGlobalSection
EndGlobal
