
Microsoft Visual Studio Solution File, Format Version 12.00
# Visual Studio Version 17
VisualStudioVersion = 17.5.002.0
MinimumVisualStudioVersion = 10.0.40219.1
Project("{9A19103F-16F7-4668-BE54-9A1E7A4F7556}") = "PS02_05", "PS02_05.csproj", "{D78D73A6-0853-4FF1-8EC4-54CF3FCDA328}"
EndProject
Global
	GlobalSection(SolutionConfigurationPlatforms) = preSolution
		Debug|Any CPU = Debug|Any CPU
		Release|Any CPU = Release|Any CPU
	EndGlobalSection
	GlobalSection(ProjectConfigurationPlatforms) = postSolution
		{D78D73A6-0853-4FF1-8EC4-54CF3FCDA328}.Debug|Any CPU.ActiveCfg = Debug|Any CPU
		{D78D73A6-0853-4FF1-8EC4-54CF3FCDA328}.Debug|Any CPU.Build.0 = Debug|Any CPU
		{D78D73A6-0853-4FF1-8EC4-54CF3FCDA328}.Release|Any CPU.ActiveCfg = Release|Any CPU
		{D78D73A6-0853-4FF1-8EC4-54CF3FCDA328}.Release|Any CPU.Build.0 = Release|Any CPU
	EndGlobalSection
	GlobalSection(SolutionProperties) = preSolution
		HideSolutionNode = FALSE
	EndGlobalSection
	GlobalSection(ExtensibilityGlobals) = postSolution
		SolutionGuid = {230C5647-B1D7-4A30-A084-B7A09CB8D1FA}
	EndGlobalSection
EndGlobal
